
Microsoft Visual Studio Solution File, Format Version 12.00
# Visual Studio 15
VisualStudioVersion = 15.0.28307.421
MinimumVisualStudioVersion = 10.0.40219.1
Project("{FAE04EC0-301F-11D3-BF4B-00C04F79EFBC}") = "AddharVerification", "AddharVerification\AddharVerification.csproj", "{0D895152-6516-4C13-B397-4B52683D0D82}"
EndProject
Global
	GlobalSection(SolutionConfigurationPlatforms) = preSolution
		Debug|Any CPU = Debug|Any CPU
		Release|Any CPU = Release|Any CPU
	EndGlobalSection
	GlobalSection(ProjectConfigurationPlatforms) = postSolution
		{0D895152-6516-4C13-B397-4B52683D0D82}.Debug|Any CPU.ActiveCfg = Debug|Any CPU
		{0D895152-6516-4C13-B397-4B52683D0D82}.Debug|Any CPU.Build.0 = Debug|Any CPU
		{0D895152-6516-4C13-B397-4B52683D0D82}.Release|Any CPU.ActiveCfg = Release|Any CPU
		{0D895152-6516-4C13-B397-4B52683D0D82}.Release|Any CPU.Build.0 = Release|Any CPU
	EndGlobalSection
	GlobalSection(SolutionProperties) = preSolution
		HideSolutionNode = FALSE
	EndGlobalSection
	GlobalSection(ExtensibilityGlobals) = postSolution
		SolutionGuid = {EB3A20C0-9CE0-4D1C-85DF-9136AE4E13D9}
	EndGlobalSection
EndGlobal
